# This file is automatically @generated by Poetry 1.4.1 and should not be changed by hand.

[[package]]
name = "attrs"
version = "22.2.0"
description = "Classes Without Boilerplate"
category = "main"
optional = false
python-versions = ">=3.6"
files = [
    {file = "attrs-22.2.0-py3-none-any.whl", hash = "sha256:29e95c7f6778868dbd49170f98f8818f78f3dc5e0e37c0b1f474e3561b240836"},
    {file = "attrs-22.2.0.tar.gz", hash = "sha256:c9227bfc2f01993c03f68db37d1d15c9690188323c067c641f1a35ca58185f99"},
]

[package.extras]
cov = ["attrs[tests]", "coverage-enable-subprocess", "coverage[toml] (>=5.3)"]
dev = ["attrs[docs,tests]"]
docs = ["furo", "myst-parser", "sphinx", "sphinx-notfound-page", "sphinxcontrib-towncrier", "towncrier", "zope.interface"]
tests = ["attrs[tests-no-zope]", "zope.interface"]
tests-no-zope = ["cloudpickle", "cloudpickle", "hypothesis", "hypothesis", "mypy (>=0.971,<0.990)", "mypy (>=0.971,<0.990)", "pympler", "pympler", "pytest (>=4.3.0)", "pytest (>=4.3.0)", "pytest-mypy-plugins", "pytest-mypy-plugins", "pytest-xdist[psutil]", "pytest-xdist[psutil]"]

[[package]]
name = "aws-cdk-assets"
version = "1.200.0"
description = "This module is deprecated. All types are now available under the core module"
category = "main"
optional = false
python-versions = "~=3.7"
files = [
    {file = "aws-cdk.assets-1.200.0.tar.gz", hash = "sha256:d22f70b645d3411a5f04ca0c3af41f42a8bc9bbb2805026e3b999692287c7008"},
    {file = "aws_cdk.assets-1.200.0-py3-none-any.whl", hash = "sha256:27287dcc3d85abbaa642061f8189bff22cac862f64350318aa10d8e5def9cee9"},
]

[package.dependencies]
"aws-cdk.core" = "1.200.0"
"aws-cdk.cx-api" = "1.200.0"
constructs = ">=3.3.69,<4.0.0"
jsii = ">=1.74.0,<2.0.0"
publication = ">=0.0.3"
typeguard = ">=2.13.3,<2.14.0"

[[package]]
name = "aws-cdk-aws-acmpca"
version = "1.200.0"
description = "The CDK Construct Library for AWS::ACMPCA"
category = "main"
optional = false
python-versions = "~=3.7"
files = [
    {file = "aws-cdk.aws-acmpca-1.200.0.tar.gz", hash = "sha256:c3e769ddb7be2dc6ea518d5aa1af19c201b8857bcd40b1d8fd90a7634ee55d48"},
    {file = "aws_cdk.aws_acmpca-1.200.0-py3-none-any.whl", hash = "sha256:540ecf8c0b3985c0b6a5208ab07a0c87b63634eca19d6ed7480e8e4b35ee5f14"},
]

[package.dependencies]
"aws-cdk.core" = "1.200.0"
constructs = ">=3.3.69,<4.0.0"
jsii = ">=1.74.0,<2.0.0"
publication = ">=0.0.3"
typeguard = ">=2.13.3,<2.14.0"

[[package]]
name = "aws-cdk-aws-apigatewayv2"
version = "1.200.0"
description = "The CDK Construct Library for AWS::APIGatewayv2"
category = "main"
optional = false
python-versions = "~=3.7"
files = [
    {file = "aws-cdk.aws-apigatewayv2-1.200.0.tar.gz", hash = "sha256:08f01e65d3dd29c4231bad7dc64a632f431f5c1a464d2713d5b8470965a09f34"},
    {file = "aws_cdk.aws_apigatewayv2-1.200.0-py3-none-any.whl", hash = "sha256:08f4bcf032cd917387381f7a7e6203fc0f0199e7b750d2184a912f2c891efe4f"},
]

[package.dependencies]
"aws-cdk.aws-certificatemanager" = "1.200.0"
"aws-cdk.aws-cloudwatch" = "1.200.0"
"aws-cdk.aws-ec2" = "1.200.0"
"aws-cdk.aws-iam" = "1.200.0"
"aws-cdk.aws-s3" = "1.200.0"
"aws-cdk.core" = "1.200.0"
constructs = ">=3.3.69,<4.0.0"
jsii = ">=1.74.0,<2.0.0"
publication = ">=0.0.3"
typeguard = ">=2.13.3,<2.14.0"

[[package]]
name = "aws-cdk-aws-applicationautoscaling"
version = "1.200.0"
description = "The CDK Construct Library for AWS::ApplicationAutoScaling"
category = "main"
optional = false
python-versions = "~=3.7"
files = [
    {file = "aws-cdk.aws-applicationautoscaling-1.200.0.tar.gz", hash = "sha256:3b506fc8a85d0cfa4db6123c9e47fa0ec5c40fc5bbea8ca7d154f08b89613294"},
    {file = "aws_cdk.aws_applicationautoscaling-1.200.0-py3-none-any.whl", hash = "sha256:dfc5af1148b1ddc49163a9758a3838f9aeeeaad274e6d46a0b12e265294f2be2"},
]

[package.dependencies]
"aws-cdk.aws-autoscaling-common" = "1.200.0"
"aws-cdk.aws-cloudwatch" = "1.200.0"
"aws-cdk.aws-iam" = "1.200.0"
"aws-cdk.core" = "1.200.0"
constructs = ">=3.3.69,<4.0.0"
jsii = ">=1.74.0,<2.0.0"
publication = ">=0.0.3"
typeguard = ">=2.13.3,<2.14.0"

[[package]]
name = "aws-cdk-aws-autoscaling-common"
version = "1.200.0"
description = "Common implementation package for @aws-cdk/aws-autoscaling and @aws-cdk/aws-applicationautoscaling"
category = "main"
optional = false
python-versions = "~=3.7"
files = [
    {file = "aws-cdk.aws-autoscaling-common-1.200.0.tar.gz", hash = "sha256:bc95dac79aea9e9f4b98e83b1b1d7da07008923fbef9b439231b5280044fb416"},
    {file = "aws_cdk.aws_autoscaling_common-1.200.0-py3-none-any.whl", hash = "sha256:a638627d8e7ec900d0b3d51aa795693ff0e3edb00f857bfb28e77c0c7087d74f"},
]

[package.dependencies]
"aws-cdk.aws-iam" = "1.200.0"
"aws-cdk.core" = "1.200.0"
constructs = ">=3.3.69,<4.0.0"
jsii = ">=1.74.0,<2.0.0"
publication = ">=0.0.3"
typeguard = ">=2.13.3,<2.14.0"

[[package]]
name = "aws-cdk-aws-certificatemanager"
version = "1.200.0"
description = "The CDK Construct Library for AWS::CertificateManager"
category = "main"
optional = false
python-versions = "~=3.7"
files = [
    {file = "aws-cdk.aws-certificatemanager-1.200.0.tar.gz", hash = "sha256:f6eebf2c6d491117694832fdf6517d26f8ee2d4a820b943d5c3531137f8a3f7b"},
    {file = "aws_cdk.aws_certificatemanager-1.200.0-py3-none-any.whl", hash = "sha256:29d77c0355bcf3842b397c98eb5a91b4dc1b7e584365896847349bfb0e68c15a"},
]

[package.dependencies]
"aws-cdk.aws-acmpca" = "1.200.0"
"aws-cdk.aws-cloudwatch" = "1.200.0"
"aws-cdk.aws-iam" = "1.200.0"
"aws-cdk.aws-lambda" = "1.200.0"
"aws-cdk.aws-route53" = "1.200.0"
"aws-cdk.core" = "1.200.0"
constructs = ">=3.3.69,<4.0.0"
jsii = ">=1.74.0,<2.0.0"
publication = ">=0.0.3"
typeguard = ">=2.13.3,<2.14.0"

[[package]]
name = "aws-cdk-aws-cloudformation"
version = "1.200.0"
description = "The CDK Construct Library for AWS::CloudFormation"
category = "main"
optional = false
python-versions = "~=3.7"
files = [
    {file = "aws-cdk.aws-cloudformation-1.200.0.tar.gz", hash = "sha256:66ae9801f7a6d5b21a114846b254ec6ef2a888196e31071b794a4575df0056cd"},
    {file = "aws_cdk.aws_cloudformation-1.200.0-py3-none-any.whl", hash = "sha256:c03c6161b651a5ecd6d05965cfb80eee92cecbe69ffcd08b6c40bd0fc9f247a3"},
]

[package.dependencies]
"aws-cdk.aws-iam" = "1.200.0"
"aws-cdk.aws-lambda" = "1.200.0"
"aws-cdk.aws-s3" = "1.200.0"
"aws-cdk.aws-sns" = "1.200.0"
"aws-cdk.core" = "1.200.0"
"aws-cdk.cx-api" = "1.200.0"
constructs = ">=3.3.69,<4.0.0"
jsii = ">=1.74.0,<2.0.0"
publication = ">=0.0.3"
typeguard = ">=2.13.3,<2.14.0"

[[package]]
name = "aws-cdk-aws-cloudwatch"
version = "1.200.0"
description = "The CDK Construct Library for AWS::CloudWatch"
category = "main"
optional = false
python-versions = "~=3.7"
files = [
    {file = "aws-cdk.aws-cloudwatch-1.200.0.tar.gz", hash = "sha256:239b7754b8b05b08d80e78837be9537b6a111e1511c269fe82f6b4ad5e282bc2"},
    {file = "aws_cdk.aws_cloudwatch-1.200.0-py3-none-any.whl", hash = "sha256:e986a24125de9628eec01de760df6c52423915b7e9e760a1a83636baeb6603df"},
]

[package.dependencies]
"aws-cdk.aws-iam" = "1.200.0"
"aws-cdk.core" = "1.200.0"
constructs = ">=3.3.69,<4.0.0"
jsii = ">=1.74.0,<2.0.0"
publication = ">=0.0.3"
typeguard = ">=2.13.3,<2.14.0"

[[package]]
name = "aws-cdk-aws-codeguruprofiler"
version = "1.200.0"
description = "The CDK Construct Library for AWS::CodeGuruProfiler"
category = "main"
optional = false
python-versions = "~=3.7"
files = [
    {file = "aws-cdk.aws-codeguruprofiler-1.200.0.tar.gz", hash = "sha256:c84ae37311a20739cef82be0142ca73ed1ef34958ce8271a7b8f9dc00452980a"},
    {file = "aws_cdk.aws_codeguruprofiler-1.200.0-py3-none-any.whl", hash = "sha256:fc06edf57fa8590a86903bd4e33aee7216483dd9e94bd8da36e6ac7e2f970ef0"},
]

[package.dependencies]
"aws-cdk.aws-iam" = "1.200.0"
"aws-cdk.core" = "1.200.0"
constructs = ">=3.3.69,<4.0.0"
jsii = ">=1.74.0,<2.0.0"
publication = ">=0.0.3"
typeguard = ">=2.13.3,<2.14.0"

[[package]]
name = "aws-cdk-aws-codestarnotifications"
version = "1.200.0"
description = "The CDK Construct Library for AWS::CodeStarNotifications"
category = "main"
optional = false
python-versions = "~=3.7"
files = [
    {file = "aws-cdk.aws-codestarnotifications-1.200.0.tar.gz", hash = "sha256:4af90b440afd97265522aef8553674efd9fcc465a5ac2ee373981310eadbfc24"},
    {file = "aws_cdk.aws_codestarnotifications-1.200.0-py3-none-any.whl", hash = "sha256:e3ce679187e37f799a4c1023f486bb5fba97488e3dd3907ccdfdd5e932f53b2a"},
]

[package.dependencies]
"aws-cdk.core" = "1.200.0"
constructs = ">=3.3.69,<4.0.0"
jsii = ">=1.74.0,<2.0.0"
publication = ">=0.0.3"
typeguard = ">=2.13.3,<2.14.0"

[[package]]
name = "aws-cdk-aws-ec2"
version = "1.200.0"
description = "The CDK Construct Library for AWS::EC2"
category = "main"
optional = false
python-versions = "~=3.7"
files = [
    {file = "aws-cdk.aws-ec2-1.200.0.tar.gz", hash = "sha256:74f50078633ad17f39e850b8fcfc50eacff62f5528c9ba97181a2870ac3a581c"},
    {file = "aws_cdk.aws_ec2-1.200.0-py3-none-any.whl", hash = "sha256:c7418305fb3f6524908453405537c1600f9857a5a318b3290f7d3c17f8328d22"},
]

[package.dependencies]
"aws-cdk.aws-cloudwatch" = "1.200.0"
"aws-cdk.aws-iam" = "1.200.0"
"aws-cdk.aws-kms" = "1.200.0"
"aws-cdk.aws-logs" = "1.200.0"
"aws-cdk.aws-s3" = "1.200.0"
"aws-cdk.aws-s3-assets" = "1.200.0"
"aws-cdk.aws-ssm" = "1.200.0"
"aws-cdk.cloud-assembly-schema" = "1.200.0"
"aws-cdk.core" = "1.200.0"
"aws-cdk.cx-api" = "1.200.0"
"aws-cdk.region-info" = "1.200.0"
constructs = ">=3.3.69,<4.0.0"
jsii = ">=1.74.0,<2.0.0"
publication = ">=0.0.3"
typeguard = ">=2.13.3,<2.14.0"

[[package]]
name = "aws-cdk-aws-ecr"
version = "1.200.0"
description = "The CDK Construct Library for AWS::ECR"
category = "main"
optional = false
python-versions = "~=3.7"
files = [
    {file = "aws-cdk.aws-ecr-1.200.0.tar.gz", hash = "sha256:34decb4290faf68930a49cd90526991315cd77c8fe6ef68e60a3f50e52e3d903"},
    {file = "aws_cdk.aws_ecr-1.200.0-py3-none-any.whl", hash = "sha256:00cc14777f60185e21aa357b8c0e26384283ad1b158d96b2b58d2f2303bb321f"},
]

[package.dependencies]
"aws-cdk.aws-events" = "1.200.0"
"aws-cdk.aws-iam" = "1.200.0"
"aws-cdk.aws-kms" = "1.200.0"
"aws-cdk.core" = "1.200.0"
constructs = ">=3.3.69,<4.0.0"
jsii = ">=1.74.0,<2.0.0"
publication = ">=0.0.3"
typeguard = ">=2.13.3,<2.14.0"

[[package]]
name = "aws-cdk-aws-ecr-assets"
version = "1.200.0"
description = "Docker image assets deployed to ECR"
category = "main"
optional = false
python-versions = "~=3.7"
files = [
    {file = "aws-cdk.aws-ecr-assets-1.200.0.tar.gz", hash = "sha256:74c08c29f8d41ff25a1f4d47f44546725918b412ae1a28947b1a0c78f2770885"},
    {file = "aws_cdk.aws_ecr_assets-1.200.0-py3-none-any.whl", hash = "sha256:b798458002c18776cc19fd384c2193ecc1aeb0edd3285c2ff567d296105e7eb1"},
]

[package.dependencies]
"aws-cdk.assets" = "1.200.0"
"aws-cdk.aws-ecr" = "1.200.0"
"aws-cdk.aws-iam" = "1.200.0"
"aws-cdk.aws-s3" = "1.200.0"
"aws-cdk.core" = "1.200.0"
"aws-cdk.cx-api" = "1.200.0"
constructs = ">=3.3.69,<4.0.0"
jsii = ">=1.74.0,<2.0.0"
publication = ">=0.0.3"
typeguard = ">=2.13.3,<2.14.0"

[[package]]
name = "aws-cdk-aws-efs"
version = "1.200.0"
description = "The CDK Construct Library for AWS::EFS"
category = "main"
optional = false
python-versions = "~=3.7"
files = [
    {file = "aws-cdk.aws-efs-1.200.0.tar.gz", hash = "sha256:3b99e7f72062128f123632862cbe7fc96ede840628fea8d54f7503bb9acb51ab"},
    {file = "aws_cdk.aws_efs-1.200.0-py3-none-any.whl", hash = "sha256:b496c96f2c44b69d5d167b7aba3269a903bc2c0c57877d2408856b8e3a152577"},
]

[package.dependencies]
"aws-cdk.aws-ec2" = "1.200.0"
"aws-cdk.aws-iam" = "1.200.0"
"aws-cdk.aws-kms" = "1.200.0"
"aws-cdk.cloud-assembly-schema" = "1.200.0"
"aws-cdk.core" = "1.200.0"
"aws-cdk.cx-api" = "1.200.0"
constructs = ">=3.3.69,<4.0.0"
jsii = ">=1.74.0,<2.0.0"
publication = ">=0.0.3"
typeguard = ">=2.13.3,<2.14.0"

[[package]]
name = "aws-cdk-aws-events"
version = "1.200.0"
description = "Amazon EventBridge Construct Library"
category = "main"
optional = false
python-versions = "~=3.7"
files = [
    {file = "aws-cdk.aws-events-1.200.0.tar.gz", hash = "sha256:2060630ce8c78989880af7705824b6ae195ea3128ebefbfe18394f2e50f50bc9"},
    {file = "aws_cdk.aws_events-1.200.0-py3-none-any.whl", hash = "sha256:227a35d530cc71cdbc0531abbe689bdb3ad36e80346fda60f6c5a64d87f22cf3"},
]

[package.dependencies]
"aws-cdk.aws-iam" = "1.200.0"
"aws-cdk.core" = "1.200.0"
constructs = ">=3.3.69,<4.0.0"
jsii = ">=1.74.0,<2.0.0"
publication = ">=0.0.3"
typeguard = ">=2.13.3,<2.14.0"

[[package]]
name = "aws-cdk-aws-iam"
version = "1.200.0"
description = "CDK routines for easily assigning correct and minimal IAM permissions"
category = "main"
optional = false
python-versions = "~=3.7"
files = [
    {file = "aws-cdk.aws-iam-1.200.0.tar.gz", hash = "sha256:1c141bc3c97efa878633a5ae172074b425ea1c1a7d43e064b9ce9d42d5cba277"},
    {file = "aws_cdk.aws_iam-1.200.0-py3-none-any.whl", hash = "sha256:c3e1a5f3cdd6043c588f40507574f571617c0e16d5189e9734704ad41a79ced5"},
]

[package.dependencies]
"aws-cdk.core" = "1.200.0"
"aws-cdk.cx-api" = "1.200.0"
"aws-cdk.region-info" = "1.200.0"
constructs = ">=3.3.69,<4.0.0"
jsii = ">=1.74.0,<2.0.0"
publication = ">=0.0.3"
typeguard = ">=2.13.3,<2.14.0"

[[package]]
name = "aws-cdk-aws-kms"
version = "1.200.0"
description = "The CDK Construct Library for AWS::KMS"
category = "main"
optional = false
python-versions = "~=3.7"
files = [
    {file = "aws-cdk.aws-kms-1.200.0.tar.gz", hash = "sha256:ae07a5c12a2e105ed5627d6ca217d42a3a750b1f5fed076ca25bea95a8df9036"},
    {file = "aws_cdk.aws_kms-1.200.0-py3-none-any.whl", hash = "sha256:4eb7b2e875a66b45d2382904b41b5ba4606f5c8ce2d95742892610bdd05d7138"},
]

[package.dependencies]
"aws-cdk.aws-iam" = "1.200.0"
"aws-cdk.cloud-assembly-schema" = "1.200.0"
"aws-cdk.core" = "1.200.0"
"aws-cdk.cx-api" = "1.200.0"
constructs = ">=3.3.69,<4.0.0"
jsii = ">=1.74.0,<2.0.0"
publication = ">=0.0.3"
typeguard = ">=2.13.3,<2.14.0"

[[package]]
name = "aws-cdk-aws-lambda"
version = "1.200.0"
description = "The CDK Construct Library for AWS::Lambda"
category = "main"
optional = false
python-versions = "~=3.7"
files = [
    {file = "aws-cdk.aws-lambda-1.200.0.tar.gz", hash = "sha256:d8b0f76ccf0606274d8fca13a693d4e0d04b2bf8dd002ecf01865f3ef471f94c"},
    {file = "aws_cdk.aws_lambda-1.200.0-py3-none-any.whl", hash = "sha256:780b45af8b3705e21d5e781513ed4e9ba9f5afd2843bf7a581533435a3a90efd"},
]

[package.dependencies]
"aws-cdk.aws-applicationautoscaling" = "1.200.0"
"aws-cdk.aws-cloudwatch" = "1.200.0"
"aws-cdk.aws-codeguruprofiler" = "1.200.0"
"aws-cdk.aws-ec2" = "1.200.0"
"aws-cdk.aws-ecr" = "1.200.0"
"aws-cdk.aws-ecr-assets" = "1.200.0"
"aws-cdk.aws-efs" = "1.200.0"
"aws-cdk.aws-events" = "1.200.0"
"aws-cdk.aws-iam" = "1.200.0"
"aws-cdk.aws-kms" = "1.200.0"
"aws-cdk.aws-logs" = "1.200.0"
"aws-cdk.aws-s3" = "1.200.0"
"aws-cdk.aws-s3-assets" = "1.200.0"
"aws-cdk.aws-signer" = "1.200.0"
"aws-cdk.aws-sns" = "1.200.0"
"aws-cdk.aws-sqs" = "1.200.0"
"aws-cdk.core" = "1.200.0"
"aws-cdk.cx-api" = "1.200.0"
"aws-cdk.region-info" = "1.200.0"
constructs = ">=3.3.69,<4.0.0"
jsii = ">=1.74.0,<2.0.0"
publication = ">=0.0.3"
typeguard = ">=2.13.3,<2.14.0"

[[package]]
name = "aws-cdk-aws-logs"
version = "1.200.0"
description = "The CDK Construct Library for AWS::Logs"
category = "main"
optional = false
python-versions = "~=3.7"
files = [
    {file = "aws-cdk.aws-logs-1.200.0.tar.gz", hash = "sha256:98d92645ad38fc78ef975b118413b4a93e33d424ca1ea5ada3ee45e9ea46ac0e"},
    {file = "aws_cdk.aws_logs-1.200.0-py3-none-any.whl", hash = "sha256:4779cfbb91df896b6f9c37b34c0f25b5a26da0aea075d1e42fa82d5c6bbafbf9"},
]

[package.dependencies]
"aws-cdk.aws-cloudwatch" = "1.200.0"
"aws-cdk.aws-iam" = "1.200.0"
"aws-cdk.aws-kms" = "1.200.0"
"aws-cdk.aws-s3-assets" = "1.200.0"
"aws-cdk.core" = "1.200.0"
"aws-cdk.cx-api" = "1.200.0"
constructs = ">=3.3.69,<4.0.0"
jsii = ">=1.74.0,<2.0.0"
publication = ">=0.0.3"
typeguard = ">=2.13.3,<2.14.0"

[[package]]
name = "aws-cdk-aws-route53"
version = "1.200.0"
description = "The CDK Construct Library for AWS::Route53"
category = "main"
optional = false
python-versions = "~=3.7"
files = [
    {file = "aws-cdk.aws-route53-1.200.0.tar.gz", hash = "sha256:e43d238bff377d530c1f91e66409a1d20c5fd534a9eea095706c03ccb9fc5c6c"},
    {file = "aws_cdk.aws_route53-1.200.0-py3-none-any.whl", hash = "sha256:67c73fdc8da33f8df7e80e98d8542fa1b3e73196213367ea49cf2c54dd5438fa"},
]

[package.dependencies]
"aws-cdk.aws-ec2" = "1.200.0"
"aws-cdk.aws-iam" = "1.200.0"
"aws-cdk.aws-logs" = "1.200.0"
"aws-cdk.cloud-assembly-schema" = "1.200.0"
"aws-cdk.core" = "1.200.0"
"aws-cdk.custom-resources" = "1.200.0"
constructs = ">=3.3.69,<4.0.0"
jsii = ">=1.74.0,<2.0.0"
publication = ">=0.0.3"
typeguard = ">=2.13.3,<2.14.0"

[[package]]
name = "aws-cdk-aws-s3"
version = "1.200.0"
description = "The CDK Construct Library for AWS::S3"
category = "main"
optional = false
python-versions = "~=3.7"
files = [
    {file = "aws-cdk.aws-s3-1.200.0.tar.gz", hash = "sha256:7844dfadbd5fa85f5646962043e2e668a2aa01a4ab0f8c4b01b3295e20bed746"},
    {file = "aws_cdk.aws_s3-1.200.0-py3-none-any.whl", hash = "sha256:ec5444c9ca6eb888e3bbaba49b4b70dd96066a0af76456fbe04fbd9b7ae985a3"},
]

[package.dependencies]
"aws-cdk.aws-events" = "1.200.0"
"aws-cdk.aws-iam" = "1.200.0"
"aws-cdk.aws-kms" = "1.200.0"
"aws-cdk.core" = "1.200.0"
"aws-cdk.cx-api" = "1.200.0"
constructs = ">=3.3.69,<4.0.0"
jsii = ">=1.74.0,<2.0.0"
publication = ">=0.0.3"
typeguard = ">=2.13.3,<2.14.0"

[[package]]
name = "aws-cdk-aws-s3-assets"
version = "1.200.0"
description = "Deploy local files and directories to S3"
category = "main"
optional = false
python-versions = "~=3.7"
files = [
    {file = "aws-cdk.aws-s3-assets-1.200.0.tar.gz", hash = "sha256:79fd598df04f27059acdc743d6a2d044b4a7b0ec68cdbac20d2bc081622d41c6"},
    {file = "aws_cdk.aws_s3_assets-1.200.0-py3-none-any.whl", hash = "sha256:907c9838a2a547bccdcd5b08cc66678d2f9f6beb34e2cb1ba3ec1426f9f08a7c"},
]

[package.dependencies]
"aws-cdk.assets" = "1.200.0"
"aws-cdk.aws-iam" = "1.200.0"
"aws-cdk.aws-kms" = "1.200.0"
"aws-cdk.aws-s3" = "1.200.0"
"aws-cdk.core" = "1.200.0"
"aws-cdk.cx-api" = "1.200.0"
constructs = ">=3.3.69,<4.0.0"
jsii = ">=1.74.0,<2.0.0"
publication = ">=0.0.3"
typeguard = ">=2.13.3,<2.14.0"

[[package]]
name = "aws-cdk-aws-signer"
version = "1.200.0"
description = "The CDK Construct Library for AWS::Signer"
category = "main"
optional = false
python-versions = "~=3.7"
files = [
    {file = "aws-cdk.aws-signer-1.200.0.tar.gz", hash = "sha256:10bbee313c3df752ca5fcaa0fe564b47d9a13a039bca01e14440f8813bd2ab47"},
    {file = "aws_cdk.aws_signer-1.200.0-py3-none-any.whl", hash = "sha256:f5c7e58708929fe4d970a8211198e85f6c8cb5bc564cf050dd3c648be71edb07"},
]

[package.dependencies]
"aws-cdk.core" = "1.200.0"
constructs = ">=3.3.69,<4.0.0"
jsii = ">=1.74.0,<2.0.0"
publication = ">=0.0.3"
typeguard = ">=2.13.3,<2.14.0"

[[package]]
name = "aws-cdk-aws-sns"
version = "1.200.0"
description = "The CDK Construct Library for AWS::SNS"
category = "main"
optional = false
python-versions = "~=3.7"
files = [
    {file = "aws-cdk.aws-sns-1.200.0.tar.gz", hash = "sha256:26f7beb3c9783d0a7f899e0e588e9c0a1c7f5f0465fbda435835a8edbc0d044e"},
    {file = "aws_cdk.aws_sns-1.200.0-py3-none-any.whl", hash = "sha256:3df8e11ddfeb0accc1d6441791ef701504844018ef30b0a5bb55801c1a531985"},
]

[package.dependencies]
"aws-cdk.aws-cloudwatch" = "1.200.0"
"aws-cdk.aws-codestarnotifications" = "1.200.0"
"aws-cdk.aws-events" = "1.200.0"
"aws-cdk.aws-iam" = "1.200.0"
"aws-cdk.aws-kms" = "1.200.0"
"aws-cdk.aws-sqs" = "1.200.0"
"aws-cdk.core" = "1.200.0"
constructs = ">=3.3.69,<4.0.0"
jsii = ">=1.74.0,<2.0.0"
publication = ">=0.0.3"
typeguard = ">=2.13.3,<2.14.0"

[[package]]
name = "aws-cdk-aws-sqs"
version = "1.200.0"
description = "The CDK Construct Library for AWS::SQS"
category = "main"
optional = false
python-versions = "~=3.7"
files = [
    {file = "aws-cdk.aws-sqs-1.200.0.tar.gz", hash = "sha256:bfa89737e2525c8d88bdb0cb50f58bdefb1b4f24e83b9234b9804c6f5ce45df9"},
    {file = "aws_cdk.aws_sqs-1.200.0-py3-none-any.whl", hash = "sha256:f9a08e6ee04d7c375456554ce4a3a961448a00d9b6c74240184a0ab5c5254fb2"},
]

[package.dependencies]
"aws-cdk.aws-cloudwatch" = "1.200.0"
"aws-cdk.aws-iam" = "1.200.0"
"aws-cdk.aws-kms" = "1.200.0"
"aws-cdk.core" = "1.200.0"
constructs = ">=3.3.69,<4.0.0"
jsii = ">=1.74.0,<2.0.0"
publication = ">=0.0.3"
typeguard = ">=2.13.3,<2.14.0"

[[package]]
name = "aws-cdk-aws-ssm"
version = "1.200.0"
description = "The CDK Construct Library for AWS::SSM"
category = "main"
optional = false
python-versions = "~=3.7"
files = [
    {file = "aws-cdk.aws-ssm-1.200.0.tar.gz", hash = "sha256:a0f41e3582717c7e0e5ef828c681de539466b59376800809562c5e4e47d2de82"},
    {file = "aws_cdk.aws_ssm-1.200.0-py3-none-any.whl", hash = "sha256:91ea0ebf49f64853cc3c879585706c9e7c0d83a681ce921b33e9dff39c879edc"},
]

[package.dependencies]
"aws-cdk.aws-iam" = "1.200.0"
"aws-cdk.aws-kms" = "1.200.0"
"aws-cdk.cloud-assembly-schema" = "1.200.0"
"aws-cdk.core" = "1.200.0"
constructs = ">=3.3.69,<4.0.0"
jsii = ">=1.74.0,<2.0.0"
publication = ">=0.0.3"
typeguard = ">=2.13.3,<2.14.0"

[[package]]
name = "aws-cdk-cloud-assembly-schema"
version = "1.200.0"
description = "Cloud Assembly Schema"
category = "main"
optional = false
python-versions = "~=3.7"
files = [
    {file = "aws-cdk.cloud-assembly-schema-1.200.0.tar.gz", hash = "sha256:2d378ce66b87e630ed5a85e424edcfefbdc277d8566a91a397fdbc4b0fda7ee7"},
    {file = "aws_cdk.cloud_assembly_schema-1.200.0-py3-none-any.whl", hash = "sha256:6dfd0a4bdd136d19997f7e58e3d04024222b962070a8920e091063405cd9aeca"},
]

[package.dependencies]
jsii = ">=1.74.0,<2.0.0"
publication = ">=0.0.3"
typeguard = ">=2.13.3,<2.14.0"

[[package]]
name = "aws-cdk-core"
version = "1.200.0"
description = "AWS Cloud Development Kit Core Library"
category = "main"
optional = false
python-versions = "~=3.7"
files = [
    {file = "aws-cdk.core-1.200.0.tar.gz", hash = "sha256:f4d91d166fac13343183d25eaaa607a8c0f05e6e0f2394907983c9d6f88d962e"},
    {file = "aws_cdk.core-1.200.0-py3-none-any.whl", hash = "sha256:1f45eb5ca63a537a71f6800c8e29831d792c333ac6614db3ec324a86a894888b"},
]

[package.dependencies]
"aws-cdk.cloud-assembly-schema" = "1.200.0"
"aws-cdk.cx-api" = "1.200.0"
"aws-cdk.region-info" = "1.200.0"
constructs = ">=3.3.69,<4.0.0"
jsii = ">=1.74.0,<2.0.0"
publication = ">=0.0.3"
typeguard = ">=2.13.3,<2.14.0"

[[package]]
name = "aws-cdk-custom-resources"
version = "1.200.0"
description = "Constructs for implementing CDK custom resources"
category = "main"
optional = false
python-versions = "~=3.7"
files = [
    {file = "aws-cdk.custom-resources-1.200.0.tar.gz", hash = "sha256:fd66643433784165fd8d6698600ce1c9ef750613a419453a5df0130b8a7fc363"},
    {file = "aws_cdk.custom_resources-1.200.0-py3-none-any.whl", hash = "sha256:3dec52ab8482df19fcb9a22679b9d9b63f7eff2eae339b35768d15db50d937cf"},
]

[package.dependencies]
"aws-cdk.aws-cloudformation" = "1.200.0"
"aws-cdk.aws-ec2" = "1.200.0"
"aws-cdk.aws-iam" = "1.200.0"
"aws-cdk.aws-lambda" = "1.200.0"
"aws-cdk.aws-logs" = "1.200.0"
"aws-cdk.aws-sns" = "1.200.0"
"aws-cdk.core" = "1.200.0"
constructs = ">=3.3.69,<4.0.0"
jsii = ">=1.74.0,<2.0.0"
publication = ">=0.0.3"
typeguard = ">=2.13.3,<2.14.0"

[[package]]
name = "aws-cdk-cx-api"
version = "1.200.0"
description = "Cloud executable protocol"
category = "main"
optional = false
python-versions = "~=3.7"
files = [
    {file = "aws-cdk.cx-api-1.200.0.tar.gz", hash = "sha256:03669f4aa0310d9e1358d8b104f871b43ecad325d24fb1e9af55c935a4de5531"},
    {file = "aws_cdk.cx_api-1.200.0-py3-none-any.whl", hash = "sha256:a1e574b3a418a0c058ec8b6c4b30507d2dd4f1c25e3d674a16618550ff6d1d89"},
]

[package.dependencies]
"aws-cdk.cloud-assembly-schema" = "1.200.0"
jsii = ">=1.74.0,<2.0.0"
publication = ">=0.0.3"
typeguard = ">=2.13.3,<2.14.0"

[[package]]
name = "aws-cdk-region-info"
version = "1.200.0"
description = "AWS region information, such as service principal names"
category = "main"
optional = false
python-versions = "~=3.7"
files = [
    {file = "aws-cdk.region-info-1.200.0.tar.gz", hash = "sha256:5ef7bd9f6e71f5dad3cf9b001b0d03bf42799e1cabb20a01b0d68302c8ffde9e"},
    {file = "aws_cdk.region_info-1.200.0-py3-none-any.whl", hash = "sha256:1c71ab3f2ed46860bdd64aedd4a3d7376a1f290f03e75f2fd2dfd5660fc25b96"},
]

[package.dependencies]
jsii = ">=1.74.0,<2.0.0"
publication = ">=0.0.3"
typeguard = ">=2.13.3,<2.14.0"

[[package]]
name = "cattrs"
version = "22.2.0"
description = "Composable complex class support for attrs and dataclasses."
category = "main"
optional = false
python-versions = ">=3.7"
files = [
    {file = "cattrs-22.2.0-py3-none-any.whl", hash = "sha256:bc12b1f0d000b9f9bee83335887d532a1d3e99a833d1bf0882151c97d3e68c21"},
    {file = "cattrs-22.2.0.tar.gz", hash = "sha256:f0eed5642399423cf656e7b66ce92cdc5b963ecafd041d1b24d136fdde7acf6d"},
]

[package.dependencies]
attrs = ">=20"
exceptiongroup = {version = "*", markers = "python_version < \"3.11\""}

[[package]]
name = "constructs"
version = "3.4.293"
description = "A programming model for composable configuration"
category = "main"
optional = false
python-versions = "~=3.7"
files = [
    {file = "constructs-3.4.293-py3-none-any.whl", hash = "sha256:64c44a57502157c95ddd11ffd4d835de18c241196e38b253a23ddc491130e1cd"},
    {file = "constructs-3.4.293.tar.gz", hash = "sha256:bd59be88311f4e69e600498e06134e661d7742b0753c68d32763da116b381262"},
]

[package.dependencies]
jsii = ">=1.79.0,<2.0.0"
publication = ">=0.0.3"
typeguard = ">=2.13.3,<2.14.0"

[[package]]
name = "exceptiongroup"
version = "1.1.1"
description = "Backport of PEP 654 (exception groups)"
category = "main"
optional = false
python-versions = ">=3.7"
files = [
    {file = "exceptiongroup-1.1.1-py3-none-any.whl", hash = "sha256:232c37c63e4f682982c8b6459f33a8981039e5fb8756b2074364e5055c498c9e"},
    {file = "exceptiongroup-1.1.1.tar.gz", hash = "sha256:d484c3090ba2889ae2928419117447a14daf3c1231d5e30d0aae34f354f01785"},
]

[package.extras]
test = ["pytest (>=6)"]

[[package]]
name = "importlib-resources"
version = "5.12.0"
description = "Read resources from Python packages"
category = "main"
optional = false
python-versions = ">=3.7"
files = [
    {file = "importlib_resources-5.12.0-py3-none-any.whl", hash = "sha256:7b1deeebbf351c7578e09bf2f63fa2ce8b5ffec296e0d349139d43cca061a81a"},
    {file = "importlib_resources-5.12.0.tar.gz", hash = "sha256:4be82589bf5c1d7999aedf2a45159d10cb3ca4f19b2271f8792bc8e6da7b22f6"},
]

[package.dependencies]
zipp = {version = ">=3.1.0", markers = "python_version < \"3.10\""}

[package.extras]
docs = ["furo", "jaraco.packaging (>=9)", "jaraco.tidelift (>=1.4)", "rst.linker (>=1.9)", "sphinx (>=3.5)", "sphinx-lint"]
testing = ["flake8 (<5)", "pytest (>=6)", "pytest-black (>=0.3.7)", "pytest-checkdocs (>=2.4)", "pytest-cov", "pytest-enabler (>=1.3)", "pytest-flake8", "pytest-mypy (>=0.9.1)"]

[[package]]
name = "jsii"
version = "1.80.0"
description = "Python client for jsii runtime"
category = "main"
optional = false
python-versions = "~=3.7"
files = [
    {file = "jsii-1.80.0-py3-none-any.whl", hash = "sha256:ea3cace063f6a47cdf0a74c929618d779efab426fedb7692a8ac1b9b29797f8c"},
    {file = "jsii-1.80.0.tar.gz", hash = "sha256:4da63ab99f2696cd063574460c94221f0a7de9d345e71dfb19dfbcecf8ca8355"},
]

[package.dependencies]
attrs = ">=21.2,<23.0"
cattrs = ">=1.8,<22.3"
importlib-resources = ">=5.2.0"
publication = ">=0.0.3"
python-dateutil = "*"
typeguard = ">=2.13.3,<2.14.0"
typing-extensions = ">=3.7,<5.0"

[[package]]
name = "publication"
version = "0.0.3"
description = "Publication helps you maintain public-api-friendly modules by preventing unintentional access to private implementation details via introspection."
category = "main"
optional = false
python-versions = "*"
files = [
    {file = "publication-0.0.3-py2.py3-none-any.whl", hash = "sha256:0248885351febc11d8a1098d5c8e3ab2dabcf3e8c0c96db1e17ecd12b53afbe6"},
    {file = "publication-0.0.3.tar.gz", hash = "sha256:68416a0de76dddcdd2930d1c8ef853a743cc96c82416c4e4d3b5d901c6276dc4"},
]

[[package]]
name = "python-dateutil"
version = "2.8.2"
description = "Extensions to the standard Python datetime module"
category = "main"
optional = false
python-versions = "!=3.0.*,!=3.1.*,!=3.2.*,>=2.7"
files = [
    {file = "python-dateutil-2.8.2.tar.gz", hash = "sha256:0123cacc1627ae19ddf3c27a5de5bd67ee4586fbdd6440d9748f8abb483d3e86"},
    {file = "python_dateutil-2.8.2-py2.py3-none-any.whl", hash = "sha256:961d03dc3453ebbc59dbdea9e4e11c5651520a876d0f4db161e8674aae935da9"},
]

[package.dependencies]
six = ">=1.5"

[[package]]
name = "six"
version = "1.16.0"
description = "Python 2 and 3 compatibility utilities"
category = "main"
optional = false
python-versions = ">=2.7, !=3.0.*, !=3.1.*, !=3.2.*"
files = [
    {file = "six-1.16.0-py2.py3-none-any.whl", hash = "sha256:8abb2f1d86890a2dfb989f9a77cfcfd3e47c2a354b01111771326f8aa26e0254"},
    {file = "six-1.16.0.tar.gz", hash = "sha256:1e61c37477a1626458e36f7b1d82aa5c9b094fa4802892072e49de9c60c4c926"},
]

[[package]]
name = "typeguard"
version = "2.13.3"
description = "Run-time type checker for Python"
category = "main"
optional = false
python-versions = ">=3.5.3"
files = [
    {file = "typeguard-2.13.3-py3-none-any.whl", hash = "sha256:5e3e3be01e887e7eafae5af63d1f36c849aaa94e3a0112097312aabfa16284f1"},
    {file = "typeguard-2.13.3.tar.gz", hash = "sha256:00edaa8da3a133674796cf5ea87d9f4b4c367d77476e185e80251cc13dfbb8c4"},
]

[package.extras]
doc = ["sphinx-autodoc-typehints (>=1.2.0)", "sphinx-rtd-theme"]
test = ["mypy", "pytest", "typing-extensions"]

[[package]]
name = "typing-extensions"
version = "4.5.0"
description = "Backported and Experimental Type Hints for Python 3.7+"
category = "main"
optional = false
python-versions = ">=3.7"
files = [
    {file = "typing_extensions-4.5.0-py3-none-any.whl", hash = "sha256:fb33085c39dd998ac16d1431ebc293a8b3eedd00fd4a32de0ff79002c19511b4"},
    {file = "typing_extensions-4.5.0.tar.gz", hash = "sha256:5cb5f4a79139d699607b3ef622a1dedafa84e115ab0024e0d9c044a9479ca7cb"},
]

[[package]]
name = "zipp"
version = "3.15.0"
description = "Backport of pathlib-compatible object wrapper for zip files"
category = "main"
optional = false
python-versions = ">=3.7"
files = [
    {file = "zipp-3.15.0-py3-none-any.whl", hash = "sha256:48904fc76a60e542af151aded95726c1a5c34ed43ab4134b597665c86d7ad556"},
    {file = "zipp-3.15.0.tar.gz", hash = "sha256:112929ad649da941c23de50f356a2b5570c954b65150642bccdd66bf194d224b"},
]

[package.extras]
docs = ["furo", "jaraco.packaging (>=9)", "jaraco.tidelift (>=1.4)", "rst.linker (>=1.9)", "sphinx (>=3.5)", "sphinx-lint"]
testing = ["big-O", "flake8 (<5)", "jaraco.functools", "jaraco.itertools", "more-itertools", "pytest (>=6)", "pytest-black (>=0.3.7)", "pytest-checkdocs (>=2.4)", "pytest-cov", "pytest-enabler (>=1.3)", "pytest-flake8", "pytest-mypy (>=0.9.1)"]

[metadata]
lock-version = "2.0"
python-versions = "^3.8"
content-hash = "3800cd6cae00b8df04220d3a5332025f80410cb8f6b5a2b37c6f3ccbf8152f48"
